
Microsoft Visual Studio Solution File, Format Version 12.00
# Visual Studio 15
VisualStudioVersion = 15.0.26403.7
MinimumVisualStudioVersion = 10.0.40219.1
Project("{2150E333-8FDC-42A3-9474-1A3956D46DE8}") = "src", "src", "{BD93E6C1-E81F-4CEA-B8C1-C9103DDEE9F3}"
EndProject
Project("{2150E333-8FDC-42A3-9474-1A3956D46DE8}") = "Solution Items", "Solution Items", "{EC8481DF-1C9B-410E-AD86-EAFEEA62466A}"
EndProject
Project("{9A19103F-16F7-4668-BE54-9A1E7A4F7556}") = "SimpleClassRegisterApp", "src\SimpleClassRegisterApp\SimpleClassRegisterApp.csproj", "{7717837D-8253-41BE-B626-F454DA59881A}"
EndProject
Global
	GlobalSection(SolutionConfigurationPlatforms) = preSolution
		Debug|Any CPU = Debug|Any CPU
		Release|Any CPU = Release|Any CPU
	EndGlobalSection
	GlobalSection(ProjectConfigurationPlatforms) = postSolution
		{7717837D-8253-41BE-B626-F454DA59881A}.Debug|Any CPU.ActiveCfg = Debug|Any CPU
		{7717837D-8253-41BE-B626-F454DA59881A}.Debug|Any CPU.Build.0 = Debug|Any CPU
		{7717837D-8253-41BE-B626-F454DA59881A}.Release|Any CPU.ActiveCfg = Release|Any CPU
		{7717837D-8253-41BE-B626-F454DA59881A}.Release|Any CPU.Build.0 = Release|Any CPU
	EndGlobalSection
	GlobalSection(SolutionProperties) = preSolution
		HideSolutionNode = FALSE
	EndGlobalSection
	GlobalSection(NestedProjects) = preSolution
		{7717837D-8253-41BE-B626-F454DA59881A} = {BD93E6C1-E81F-4CEA-B8C1-C9103DDEE9F3}
	EndGlobalSection
EndGlobal
